// !$*UTF8*$!
{
	archiveVersion = 1;
	classes = {
	};
	objectVersion = 46;
	objects = {

/* Begin PBXBuildFile section */
		1DDD58160DA1D0A300B32029 /* MainMenu.xib in Resources */ = {isa = PBXBuildFile; fileRef = 1DDD58140DA1D0A300B32029 /* MainMenu.xib */; };
		7800B6C30EF16DCF00882915 /* Browser.xib in Resources */ = {isa = PBXBuildFile; fileRef = 7800B6C20EF16DCF00882915 /* Browser.xib */; };
		7800B6C90EF1743500882915 /* AppController.m in Sources */ = {isa = PBXBuildFile; fileRef = 7800B6C80EF1743500882915 /* AppController.m */; };
		7800B6CC0EF1757400882915 /* Browser.m in Sources */ = {isa = PBXBuildFile; fileRef = 7800B6CB0EF1757400882915 /* Browser.m */; };
		7800B6ED0EF1808200882915 /* DirEntry.m in Sources */ = {isa = PBXBuildFile; fileRef = 7800B6EC0EF1808200882915 /* DirEntry.m */; };
		7800B7820EF1A0A300882915 /* BrowserTree.m in Sources */ = {isa = PBXBuildFile; fileRef = 7800B7810EF1A0A300882915 /* BrowserTree.m */; };
		7800B7850EF1A0B500882915 /* BrowserList.m in Sources */ = {isa = PBXBuildFile; fileRef = 7800B7840EF1A0B500882915 /* BrowserList.m */; };
		7800B8400EF1E8EF00882915 /* Viewer.xib in Resources */ = {isa = PBXBuildFile; fileRef = 7800B83F0EF1E8EF00882915 /* Viewer.xib */; };
		7800B8440EF1E99C00882915 /* Viewer.m in Sources */ = {isa = PBXBuildFile; fileRef = 7800B8430EF1E99C00882915 /* Viewer.m */; };
		780C17680F34C99900FE29C4 /* ProgressSheet.m in Sources */ = {isa = PBXBuildFile; fileRef = 780C17660F34C99900FE29C4 /* ProgressSheet.m */; };
		780C180F0F34CFBB00FE29C4 /* ProgressSheet.xib in Resources */ = {isa = PBXBuildFile; fileRef = 780C180E0F34CFBB00FE29C4 /* ProgressSheet.xib */; };
		780C18BD0F34DCBC00FE29C4 /* DirEntryFileOps.m in Sources */ = {isa = PBXBuildFile; fileRef = 780C18BC0F34DCBC00FE29C4 /* DirEntryFileOps.m */; };
		781538280F0DA2CA00EE7C17 /* ThumbnailBuilder.xib in Resources */ = {isa = PBXBuildFile; fileRef = 781538270F0DA2CA00EE7C17 /* ThumbnailBuilder.xib */; };
		7815382E0F0DA45200EE7C17 /* ThumbnailBuilder.m in Sources */ = {isa = PBXBuildFile; fileRef = 7815382D0F0DA45200EE7C17 /* ThumbnailBuilder.m */; };
		781873110F05424300381FBC /* NSArrayAdditions.m in Sources */ = {isa = PBXBuildFile; fileRef = 781873100F05424300381FBC /* NSArrayAdditions.m */; };
		781873140F0543D900381FBC /* NSImageAdditions.m in Sources */ = {isa = PBXBuildFile; fileRef = 781873130F0543D900381FBC /* NSImageAdditions.m */; };
		781EF3670F0FD0C800EB97E8 /* Share.xib in Resources */ = {isa = PBXBuildFile; fileRef = 781EF3660F0FD0C800EB97E8 /* Share.xib */; };
		7820A0311A39E9AE004DABA3 /* ActivityFaker.m in Sources */ = {isa = PBXBuildFile; fileRef = 7820A0301A39E9AE004DABA3 /* ActivityFaker.m */; };
		7820A0351A39F35C004DABA3 /* Metadata.xib in Resources */ = {isa = PBXBuildFile; fileRef = 7820A0341A39F35C004DABA3 /* Metadata.xib */; };
		783041210EF3FEDE00A3BC6D /* Selection.m in Sources */ = {isa = PBXBuildFile; fileRef = 783041200EF3FEDE00A3BC6D /* Selection.m */; };
		7830412F0EF40AB200A3BC6D /* Util.m in Sources */ = {isa = PBXBuildFile; fileRef = 7830412E0EF40AB200A3BC6D /* Util.m */; };
		783B7E770EFFE75600AF19FC /* ImagePreview.m in Sources */ = {isa = PBXBuildFile; fileRef = 783B7E760EFFE75600AF19FC /* ImagePreview.m */; };
		786283FA0EF320DF0056FEAD /* Preferences.m in Sources */ = {isa = PBXBuildFile; fileRef = 786283F90EF320DF0056FEAD /* Preferences.m */; };
		78774EB50F0BB9A000BAD9E2 /* ImageView.m in Sources */ = {isa = PBXBuildFile; fileRef = 78774EB40F0BB9A000BAD9E2 /* ImageView.m */; };
		78774EB80F0BB9B300BAD9E2 /* ImageClip.m in Sources */ = {isa = PBXBuildFile; fileRef = 78774EB70F0BB9B300BAD9E2 /* ImageClip.m */; };
		787752C30F0D459500BAD9E2 /* ImageCache.m in Sources */ = {isa = PBXBuildFile; fileRef = 787752C20F0D459500BAD9E2 /* ImageCache.m */; };
		7893714D0F073E5F001D48A0 /* TBCw.png in Resources */ = {isa = PBXBuildFile; fileRef = 7893714B0F073E5F001D48A0 /* TBCw.png */; };
		7893714E0F073E5F001D48A0 /* TBCcw.png in Resources */ = {isa = PBXBuildFile; fileRef = 7893714C0F073E5F001D48A0 /* TBCcw.png */; };
		7893734B0F07E409001D48A0 /* Metadata.m in Sources */ = {isa = PBXBuildFile; fileRef = 7893734A0F07E409001D48A0 /* Metadata.m */; };
		78948BCB0EF8963600356919 /* SCEvent.m in Sources */ = {isa = PBXBuildFile; fileRef = 78948BC70EF8963600356919 /* SCEvent.m */; };
		78948BCC0EF8963600356919 /* SCEvents.m in Sources */ = {isa = PBXBuildFile; fileRef = 78948BCA0EF8963600356919 /* SCEvents.m */; };
		78948BDD0EF91C5E00356919 /* libcrypto.dylib in Frameworks */ = {isa = PBXBuildFile; fileRef = 78948BDC0EF91C5E00356919 /* libcrypto.dylib */; };
		78948D410EF94CB000356919 /* FileListItem.m in Sources */ = {isa = PBXBuildFile; fileRef = 78948D400EF94CB000356919 /* FileListItem.m */; };
		78AAFEB50FC4463C005FC339 /* ImageProcessor.m in Sources */ = {isa = PBXBuildFile; fileRef = 78AAFEB30FC4463C005FC339 /* ImageProcessor.m */; };
		78AB4DB30EF2B237004ABF79 /* History.m in Sources */ = {isa = PBXBuildFile; fileRef = 78AB4DB20EF2B237004ABF79 /* History.m */; };
		78B728B50F069309000CD71E /* Carbon.framework in Frameworks */ = {isa = PBXBuildFile; fileRef = 78B728B40F069309000CD71E /* Carbon.framework */; };
		78B728BF0F06933A000CD71E /* IOKit.framework in Frameworks */ = {isa = PBXBuildFile; fileRef = 78B728BE0F06933A000CD71E /* IOKit.framework */; };
		78CDC4C20EF55E8500EC2A16 /* dsa_pub.pem in Resources */ = {isa = PBXBuildFile; fileRef = 78CDC4C10EF55E8500EC2A16 /* dsa_pub.pem */; };
		78CDC4EF0EF5756A00EC2A16 /* DBPrefsWindowController.m in Sources */ = {isa = PBXBuildFile; fileRef = 78CDC4EE0EF5756A00EC2A16 /* DBPrefsWindowController.m */; };
		78CDC4F20EF5759400EC2A16 /* PreferencesController.m in Sources */ = {isa = PBXBuildFile; fileRef = 78CDC4F10EF5759400EC2A16 /* PreferencesController.m */; };
		78CDC52E0EF57AE000EC2A16 /* Preferences.xib in Resources */ = {isa = PBXBuildFile; fileRef = 78CDC52D0EF57AE000EC2A16 /* Preferences.xib */; };
		78CDC6A50EF5B6A800EC2A16 /* trans.png in Resources */ = {isa = PBXBuildFile; fileRef = 78CDC6A40EF5B6A800EC2A16 /* trans.png */; };
		78CDE9F00F0FF1EF00FB61C7 /* NSDictionary+BSJSONAdditions.m in Sources */ = {isa = PBXBuildFile; fileRef = 78CDE9EF0F0FF1EF00FB61C7 /* NSDictionary+BSJSONAdditions.m */; };
		78CDE9F30F0FF1FE00FB61C7 /* NSScanner+BSJSONAdditions.m in Sources */ = {isa = PBXBuildFile; fileRef = 78CDE9F20F0FF1FE00FB61C7 /* NSScanner+BSJSONAdditions.m */; };
		78D5B92F0EFA7DD30020A6F7 /* SegmentedToolbarItem.m in Sources */ = {isa = PBXBuildFile; fileRef = 78D5B92E0EFA7DD30020A6F7 /* SegmentedToolbarItem.m */; };
		78D5B9FC0EFA9C130020A6F7 /* TBZoomIn.png in Resources */ = {isa = PBXBuildFile; fileRef = 78D5B9F50EFA9C130020A6F7 /* TBZoomIn.png */; };
		78D5B9FD0EFA9C130020A6F7 /* TBZoomFit.png in Resources */ = {isa = PBXBuildFile; fileRef = 78D5B9F60EFA9C130020A6F7 /* TBZoomFit.png */; };
		78D5B9FE0EFA9C130020A6F7 /* TBLast.png in Resources */ = {isa = PBXBuildFile; fileRef = 78D5B9F70EFA9C130020A6F7 /* TBLast.png */; };
		78D5B9FF0EFA9C130020A6F7 /* TBZoomActual.png in Resources */ = {isa = PBXBuildFile; fileRef = 78D5B9F80EFA9C130020A6F7 /* TBZoomActual.png */; };
		78D5BA000EFA9C130020A6F7 /* TBZoomOut.png in Resources */ = {isa = PBXBuildFile; fileRef = 78D5B9F90EFA9C130020A6F7 /* TBZoomOut.png */; };
		78D5BA010EFA9C130020A6F7 /* TBFirst.png in Resources */ = {isa = PBXBuildFile; fileRef = 78D5B9FA0EFA9C130020A6F7 /* TBFirst.png */; };
		78D5BA020EFA9C130020A6F7 /* TBGoUp.png in Resources */ = {isa = PBXBuildFile; fileRef = 78D5B9FB0EFA9C130020A6F7 /* TBGoUp.png */; };
		78E389450EF0726D00703EA0 /* Quartz.framework in Frameworks */ = {isa = PBXBuildFile; fileRef = 78E389440EF0726D00703EA0 /* Quartz.framework */; };
		78EAD0220F09A618002D2588 /* App.icns in Resources */ = {isa = PBXBuildFile; fileRef = 78EAD0200F09A618002D2588 /* App.icns */; };
		78EAD0230F09A618002D2588 /* Doc.icns in Resources */ = {isa = PBXBuildFile; fileRef = 78EAD0210F09A618002D2588 /* Doc.icns */; };
		78FBF0410EF37B480005A150 /* Bookmarks.m in Sources */ = {isa = PBXBuildFile; fileRef = 78FBF0400EF37B480005A150 /* Bookmarks.m */; };
		78FF254A0F13A13700B825F1 /* zip.c in Sources */ = {isa = PBXBuildFile; fileRef = 78FF25480F13A13700B825F1 /* zip.c */; };
		78FF254D0F13A15500B825F1 /* ZipWriter.m in Sources */ = {isa = PBXBuildFile; fileRef = 78FF254C0F13A15500B825F1 /* ZipWriter.m */; };
		78FF25530F13A2E100B825F1 /* ioapi.c in Sources */ = {isa = PBXBuildFile; fileRef = 78FF25510F13A2E100B825F1 /* ioapi.c */; };
		78FF25580F13A37600B825F1 /* libz.dylib in Frameworks */ = {isa = PBXBuildFile; fileRef = 78FF25570F13A37600B825F1 /* libz.dylib */; };
		8D11072B0486CEB800E47090 /* InfoPlist.strings in Resources */ = {isa = PBXBuildFile; fileRef = 089C165CFE840E0CC02AAC07 /* InfoPlist.strings */; };
		8D11072D0486CEB800E47090 /* main.m in Sources */ = {isa = PBXBuildFile; fileRef = 29B97316FDCFA39411CA2CEA /* main.m */; settings = {ATTRIBUTES = (); }; };
		8D11072F0486CEB800E47090 /* Cocoa.framework in Frameworks */ = {isa = PBXBuildFile; fileRef = 1058C7A1FEA54F0111CA2CBB /* Cocoa.framework */; };
/* End PBXBuildFile section */

/* Begin PBXCopyFilesBuildPhase section */
		78CDC46B0EF55C1300EC2A16 /* Copy Frameworks */ = {
			isa = PBXCopyFilesBuildPhase;
			buildActionMask = 2147483647;
			dstPath = "";
			dstSubfolderSpec = 10;
			files = (
			);
			name = "Copy Frameworks";
			runOnlyForDeploymentPostprocessing = 0;
		};
/* End PBXCopyFilesBuildPhase section */

/* Begin PBXFileReference section */
		089C165DFE840E0CC02AAC07 /* English */ = {isa = PBXFileReference; fileEncoding = 10; lastKnownFileType = text.plist.strings; name = English; path = English.lproj/InfoPlist.strings; sourceTree = "<group>"; };
		1058C7A1FEA54F0111CA2CBB /* Cocoa.framework */ = {isa = PBXFileReference; lastKnownFileType = wrapper.framework; name = Cocoa.framework; path = /System/Library/Frameworks/Cocoa.framework; sourceTree = "<absolute>"; };
		13E42FB307B3F0F600E4EEF1 /* CoreData.framework */ = {isa = PBXFileReference; lastKnownFileType = wrapper.framework; name = CoreData.framework; path = /System/Library/Frameworks/CoreData.framework; sourceTree = "<absolute>"; };
		1DDD58150DA1D0A300B32029 /* English */ = {isa = PBXFileReference; lastKnownFileType = file.xib; name = English; path = English.lproj/MainMenu.xib; sourceTree = "<group>"; };
		29B97316FDCFA39411CA2CEA /* main.m */ = {isa = PBXFileReference; fileEncoding = 4; lastKnownFileType = sourcecode.c.objc; path = main.m; sourceTree = "<group>"; };
		29B97324FDCFA39411CA2CEA /* AppKit.framework */ = {isa = PBXFileReference; lastKnownFileType = wrapper.framework; name = AppKit.framework; path = /System/Library/Frameworks/AppKit.framework; sourceTree = "<absolute>"; };
		29B97325FDCFA39411CA2CEA /* Foundation.framework */ = {isa = PBXFileReference; lastKnownFileType = wrapper.framework; name = Foundation.framework; path = /System/Library/Frameworks/Foundation.framework; sourceTree = "<absolute>"; };
		32CA4F630368D1EE00C91783 /* Crossbow_Prefix.pch */ = {isa = PBXFileReference; fileEncoding = 4; lastKnownFileType = sourcecode.c.h; path = Crossbow_Prefix.pch; sourceTree = "<group>"; };
		7800B6C20EF16DCF00882915 /* Browser.xib */ = {isa = PBXFileReference; lastKnownFileType = file.xib; path = Browser.xib; sourceTree = "<group>"; };
		7800B6C70EF1743500882915 /* AppController.h */ = {isa = PBXFileReference; fileEncoding = 4; lastKnownFileType = sourcecode.c.h; path = AppController.h; sourceTree = "<group>"; };
		7800B6C80EF1743500882915 /* AppController.m */ = {isa = PBXFileReference; fileEncoding = 4; lastKnownFileType = sourcecode.c.objc; path = AppController.m; sourceTree = "<group>"; };
		7800B6CA0EF1757400882915 /* Browser.h */ = {isa = PBXFileReference; fileEncoding = 4; lastKnownFileType = sourcecode.c.h; path = Browser.h; sourceTree = "<group>"; };
		7800B6CB0EF1757400882915 /* Browser.m */ = {isa = PBXFileReference; fileEncoding = 4; lastKnownFileType = sourcecode.c.objc; path = Browser.m; sourceTree = "<group>"; };
		7800B6EB0EF1808200882915 /* DirEntry.h */ = {isa = PBXFileReference; fileEncoding = 4; lastKnownFileType = sourcecode.c.h; path = DirEntry.h; sourceTree = "<group>"; };
		7800B6EC0EF1808200882915 /* DirEntry.m */ = {isa = PBXFileReference; fileEncoding = 4; lastKnownFileType = sourcecode.c.objc; path = DirEntry.m; sourceTree = "<group>"; };
		7800B7800EF1A0A300882915 /* BrowserTree.h */ = {isa = PBXFileReference; fileEncoding = 4; lastKnownFileType = sourcecode.c.h; path = BrowserTree.h; sourceTree = "<group>"; };
		7800B7810EF1A0A300882915 /* BrowserTree.m */ = {isa = PBXFileReference; fileEncoding = 4; lastKnownFileType = sourcecode.c.objc; path = BrowserTree.m; sourceTree = "<group>"; };
		7800B7830EF1A0B500882915 /* BrowserList.h */ = {isa = PBXFileReference; fileEncoding = 4; lastKnownFileType = sourcecode.c.h; path = BrowserList.h; sourceTree = "<group>"; };
		7800B7840EF1A0B500882915 /* BrowserList.m */ = {isa = PBXFileReference; fileEncoding = 4; lastKnownFileType = sourcecode.c.objc; path = BrowserList.m; sourceTree = "<group>"; };
		7800B83F0EF1E8EF00882915 /* Viewer.xib */ = {isa = PBXFileReference; lastKnownFileType = file.xib; path = Viewer.xib; sourceTree = "<group>"; };
		7800B8420EF1E99C00882915 /* Viewer.h */ = {isa = PBXFileReference; fileEncoding = 4; lastKnownFileType = sourcecode.c.h; path = Viewer.h; sourceTree = "<group>"; };
		7800B8430EF1E99C00882915 /* Viewer.m */ = {isa = PBXFileReference; fileEncoding = 4; lastKnownFileType = sourcecode.c.objc; path = Viewer.m; sourceTree = "<group>"; };
		780C17660F34C99900FE29C4 /* ProgressSheet.m */ = {isa = PBXFileReference; fileEncoding = 4; lastKnownFileType = sourcecode.c.objc; path = ProgressSheet.m; sourceTree = "<group>"; };
		780C17670F34C99900FE29C4 /* ProgressSheet.h */ = {isa = PBXFileReference; fileEncoding = 4; lastKnownFileType = sourcecode.c.h; path = ProgressSheet.h; sourceTree = "<group>"; };
		780C180E0F34CFBB00FE29C4 /* ProgressSheet.xib */ = {isa = PBXFileReference; lastKnownFileType = file.xib; path = ProgressSheet.xib; sourceTree = "<group>"; };
		780C18BB0F34DCBC00FE29C4 /* DirEntryFileOps.h */ = {isa = PBXFileReference; fileEncoding = 4; lastKnownFileType = sourcecode.c.h; path = DirEntryFileOps.h; sourceTree = "<group>"; };
		780C18BC0F34DCBC00FE29C4 /* DirEntryFileOps.m */ = {isa = PBXFileReference; fileEncoding = 4; lastKnownFileType = sourcecode.c.objc; path = DirEntryFileOps.m; sourceTree = "<group>"; };
		781538270F0DA2CA00EE7C17 /* ThumbnailBuilder.xib */ = {isa = PBXFileReference; lastKnownFileType = file.xib; path = ThumbnailBuilder.xib; sourceTree = "<group>"; };
		7815382C0F0DA45200EE7C17 /* ThumbnailBuilder.h */ = {isa = PBXFileReference; fileEncoding = 4; lastKnownFileType = sourcecode.c.h; path = ThumbnailBuilder.h; sourceTree = "<group>"; };
		7815382D0F0DA45200EE7C17 /* ThumbnailBuilder.m */ = {isa = PBXFileReference; fileEncoding = 4; lastKnownFileType = sourcecode.c.objc; path = ThumbnailBuilder.m; sourceTree = "<group>"; };
		7818730F0F05424300381FBC /* NSArrayAdditions.h */ = {isa = PBXFileReference; fileEncoding = 4; lastKnownFileType = sourcecode.c.h; path = NSArrayAdditions.h; sourceTree = "<group>"; };
		781873100F05424300381FBC /* NSArrayAdditions.m */ = {isa = PBXFileReference; fileEncoding = 4; lastKnownFileType = sourcecode.c.objc; path = NSArrayAdditions.m; sourceTree = "<group>"; };
		781873120F0543D900381FBC /* NSImageAdditions.h */ = {isa = PBXFileReference; fileEncoding = 4; lastKnownFileType = sourcecode.c.h; path = NSImageAdditions.h; sourceTree = "<group>"; };
		781873130F0543D900381FBC /* NSImageAdditions.m */ = {isa = PBXFileReference; fileEncoding = 4; lastKnownFileType = sourcecode.c.objc; path = NSImageAdditions.m; sourceTree = "<group>"; };
		781EF3590F0FBE5200EB97E8 /* CocoaSmugMug.h */ = {isa = PBXFileReference; fileEncoding = 4; lastKnownFileType = sourcecode.c.h; path = CocoaSmugMug.h; sourceTree = "<group>"; };
		781EF35A0F0FBE5200EB97E8 /* CocoaSmugMug.m */ = {isa = PBXFileReference; fileEncoding = 4; lastKnownFileType = sourcecode.c.objc; path = CocoaSmugMug.m; sourceTree = "<group>"; };
		781EF3660F0FD0C800EB97E8 /* Share.xib */ = {isa = PBXFileReference; lastKnownFileType = file.xib; path = Share.xib; sourceTree = "<group>"; };
		781EF4230F0FD60A00EB97E8 /* ShareController.h */ = {isa = PBXFileReference; fileEncoding = 4; lastKnownFileType = sourcecode.c.h; path = ShareController.h; sourceTree = "<group>"; };
		781EF4240F0FD60A00EB97E8 /* ShareController.m */ = {isa = PBXFileReference; fileEncoding = 4; lastKnownFileType = sourcecode.c.objc; path = ShareController.m; sourceTree = "<group>"; };
		7820A02F1A39E9AE004DABA3 /* ActivityFaker.h */ = {isa = PBXFileReference; fileEncoding = 4; lastKnownFileType = sourcecode.c.h; path = ActivityFaker.h; sourceTree = "<group>"; };
		7820A0301A39E9AE004DABA3 /* ActivityFaker.m */ = {isa = PBXFileReference; fileEncoding = 4; lastKnownFileType = sourcecode.c.objc; path = ActivityFaker.m; sourceTree = "<group>"; };
		7820A0341A39F35C004DABA3 /* Metadata.xib */ = {isa = PBXFileReference; fileEncoding = 4; lastKnownFileType = file.xib; path = Metadata.xib; sourceTree = "<group>"; };
		7830411F0EF3FEDE00A3BC6D /* Selection.h */ = {isa = PBXFileReference; fileEncoding = 4; lastKnownFileType = sourcecode.c.h; path = Selection.h; sourceTree = "<group>"; };
		783041200EF3FEDE00A3BC6D /* Selection.m */ = {isa = PBXFileReference; fileEncoding = 4; lastKnownFileType = sourcecode.c.objc; path = Selection.m; sourceTree = "<group>"; };
		7830412D0EF40AB200A3BC6D /* Util.h */ = {isa = PBXFileReference; fileEncoding = 4; lastKnownFileType = sourcecode.c.h; path = Util.h; sourceTree = "<group>"; };
		7830412E0EF40AB200A3BC6D /* Util.m */ = {isa = PBXFileReference; fileEncoding = 4; lastKnownFileType = sourcecode.c.objc; path = Util.m; sourceTree = "<group>"; };
		783B7E750EFFE75600AF19FC /* ImagePreview.h */ = {isa = PBXFileReference; fileEncoding = 4; lastKnownFileType = sourcecode.c.h; path = ImagePreview.h; sourceTree = "<group>"; };
		783B7E760EFFE75600AF19FC /* ImagePreview.m */ = {isa = PBXFileReference; fileEncoding = 4; lastKnownFileType = sourcecode.c.objc; path = ImagePreview.m; sourceTree = "<group>"; };
		784E0710176251A200C243C6 /* Crossbow.entitlements */ = {isa = PBXFileReference; lastKnownFileType = text.xml; path = Crossbow.entitlements; sourceTree = "<group>"; };
		786283F80EF320DF0056FEAD /* Preferences.h */ = {isa = PBXFileReference; fileEncoding = 4; lastKnownFileType = sourcecode.c.h; path = Preferences.h; sourceTree = "<group>"; };
		786283F90EF320DF0056FEAD /* Preferences.m */ = {isa = PBXFileReference; fileEncoding = 4; lastKnownFileType = sourcecode.c.objc; path = Preferences.m; sourceTree = "<group>"; };
		78774EB30F0BB9A000BAD9E2 /* ImageView.h */ = {isa = PBXFileReference; fileEncoding = 4; lastKnownFileType = sourcecode.c.h; path = ImageView.h; sourceTree = "<group>"; };
		78774EB40F0BB9A000BAD9E2 /* ImageView.m */ = {isa = PBXFileReference; fileEncoding = 4; lastKnownFileType = sourcecode.c.objc; path = ImageView.m; sourceTree = "<group>"; };
		78774EB60F0BB9B300BAD9E2 /* ImageClip.h */ = {isa = PBXFileReference; fileEncoding = 4; lastKnownFileType = sourcecode.c.h; path = ImageClip.h; sourceTree = "<group>"; };
		78774EB70F0BB9B300BAD9E2 /* ImageClip.m */ = {isa = PBXFileReference; fileEncoding = 4; lastKnownFileType = sourcecode.c.objc; path = ImageClip.m; sourceTree = "<group>"; };
		787752C10F0D459500BAD9E2 /* ImageCache.h */ = {isa = PBXFileReference; fileEncoding = 4; lastKnownFileType = sourcecode.c.h; path = ImageCache.h; sourceTree = "<group>"; };
		787752C20F0D459500BAD9E2 /* ImageCache.m */ = {isa = PBXFileReference; fileEncoding = 4; lastKnownFileType = sourcecode.c.objc; path = ImageCache.m; sourceTree = "<group>"; };
		7893714B0F073E5F001D48A0 /* TBCw.png */ = {isa = PBXFileReference; lastKnownFileType = image.png; path = TBCw.png; sourceTree = "<group>"; };
		7893714C0F073E5F001D48A0 /* TBCcw.png */ = {isa = PBXFileReference; lastKnownFileType = image.png; path = TBCcw.png; sourceTree = "<group>"; };
		789373490F07E409001D48A0 /* Metadata.h */ = {isa = PBXFileReference; fileEncoding = 4; lastKnownFileType = sourcecode.c.h; path = Metadata.h; sourceTree = "<group>"; };
		7893734A0F07E409001D48A0 /* Metadata.m */ = {isa = PBXFileReference; fileEncoding = 4; lastKnownFileType = sourcecode.c.objc; path = Metadata.m; sourceTree = "<group>"; };
		78948BC60EF8963600356919 /* SCEvent.h */ = {isa = PBXFileReference; fileEncoding = 4; lastKnownFileType = sourcecode.c.h; path = SCEvent.h; sourceTree = "<group>"; };
		78948BC70EF8963600356919 /* SCEvent.m */ = {isa = PBXFileReference; fileEncoding = 4; lastKnownFileType = sourcecode.c.objc; path = SCEvent.m; sourceTree = "<group>"; };
		78948BC80EF8963600356919 /* SCEventListenerProtocol.h */ = {isa = PBXFileReference; fileEncoding = 4; lastKnownFileType = sourcecode.c.h; path = SCEventListenerProtocol.h; sourceTree = "<group>"; };
		78948BC90EF8963600356919 /* SCEvents.h */ = {isa = PBXFileReference; fileEncoding = 4; lastKnownFileType = sourcecode.c.h; path = SCEvents.h; sourceTree = "<group>"; };
		78948BCA0EF8963600356919 /* SCEvents.m */ = {isa = PBXFileReference; fileEncoding = 4; lastKnownFileType = sourcecode.c.objc; path = SCEvents.m; sourceTree = "<group>"; };
		78948BDC0EF91C5E00356919 /* libcrypto.dylib */ = {isa = PBXFileReference; lastKnownFileType = "compiled.mach-o.dylib"; name = libcrypto.dylib; path = /usr/lib/libcrypto.dylib; sourceTree = "<absolute>"; };
		78948D3F0EF94CB000356919 /* FileListItem.h */ = {isa = PBXFileReference; fileEncoding = 4; lastKnownFileType = sourcecode.c.h; path = FileListItem.h; sourceTree = "<group>"; };
		78948D400EF94CB000356919 /* FileListItem.m */ = {isa = PBXFileReference; fileEncoding = 4; lastKnownFileType = sourcecode.c.objc; path = FileListItem.m; sourceTree = "<group>"; };
		78AAFEB30FC4463C005FC339 /* ImageProcessor.m */ = {isa = PBXFileReference; fileEncoding = 4; lastKnownFileType = sourcecode.c.objc; path = ImageProcessor.m; sourceTree = "<group>"; };
		78AAFEB40FC4463C005FC339 /* ImageProcessor.h */ = {isa = PBXFileReference; fileEncoding = 4; lastKnownFileType = sourcecode.c.h; path = ImageProcessor.h; sourceTree = "<group>"; };
		78AB4DB10EF2B237004ABF79 /* History.h */ = {isa = PBXFileReference; fileEncoding = 4; lastKnownFileType = sourcecode.c.h; path = History.h; sourceTree = "<group>"; };
		78AB4DB20EF2B237004ABF79 /* History.m */ = {isa = PBXFileReference; fileEncoding = 4; lastKnownFileType = sourcecode.c.objc; path = History.m; sourceTree = "<group>"; };
		78B728B40F069309000CD71E /* Carbon.framework */ = {isa = PBXFileReference; lastKnownFileType = wrapper.framework; name = Carbon.framework; path = /System/Library/Frameworks/Carbon.framework; sourceTree = "<absolute>"; };
		78B728BE0F06933A000CD71E /* IOKit.framework */ = {isa = PBXFileReference; lastKnownFileType = wrapper.framework; name = IOKit.framework; path = /System/Library/Frameworks/IOKit.framework; sourceTree = "<absolute>"; };
		78CDC4C10EF55E8500EC2A16 /* dsa_pub.pem */ = {isa = PBXFileReference; fileEncoding = 4; lastKnownFileType = text; path = dsa_pub.pem; sourceTree = "<group>"; };
		78CDC4ED0EF5756A00EC2A16 /* DBPrefsWindowController.h */ = {isa = PBXFileReference; fileEncoding = 4; lastKnownFileType = sourcecode.c.h; path = DBPrefsWindowController.h; sourceTree = "<group>"; };
		78CDC4EE0EF5756A00EC2A16 /* DBPrefsWindowController.m */ = {isa = PBXFileReference; fileEncoding = 4; lastKnownFileType = sourcecode.c.objc; path = DBPrefsWindowController.m; sourceTree = "<group>"; };
		78CDC4F00EF5759400EC2A16 /* PreferencesController.h */ = {isa = PBXFileReference; fileEncoding = 4; lastKnownFileType = sourcecode.c.h; path = PreferencesController.h; sourceTree = "<group>"; };
		78CDC4F10EF5759400EC2A16 /* PreferencesController.m */ = {isa = PBXFileReference; fileEncoding = 4; lastKnownFileType = sourcecode.c.objc; path = PreferencesController.m; sourceTree = "<group>"; };
		78CDC52D0EF57AE000EC2A16 /* Preferences.xib */ = {isa = PBXFileReference; lastKnownFileType = file.xib; path = Preferences.xib; sourceTree = "<group>"; };
		78CDC6A40EF5B6A800EC2A16 /* trans.png */ = {isa = PBXFileReference; lastKnownFileType = image.png; path = trans.png; sourceTree = "<group>"; };
		78CDE9EE0F0FF1EF00FB61C7 /* NSDictionary+BSJSONAdditions.h */ = {isa = PBXFileReference; fileEncoding = 4; lastKnownFileType = sourcecode.c.h; path = "NSDictionary+BSJSONAdditions.h"; sourceTree = "<group>"; };
		78CDE9EF0F0FF1EF00FB61C7 /* NSDictionary+BSJSONAdditions.m */ = {isa = PBXFileReference; fileEncoding = 4; lastKnownFileType = sourcecode.c.objc; path = "NSDictionary+BSJSONAdditions.m"; sourceTree = "<group>"; };
		78CDE9F10F0FF1FE00FB61C7 /* NSScanner+BSJSONAdditions.h */ = {isa = PBXFileReference; fileEncoding = 4; lastKnownFileType = sourcecode.c.h; path = "NSScanner+BSJSONAdditions.h"; sourceTree = "<group>"; };
		78CDE9F20F0FF1FE00FB61C7 /* NSScanner+BSJSONAdditions.m */ = {isa = PBXFileReference; fileEncoding = 4; lastKnownFileType = sourcecode.c.objc; path = "NSScanner+BSJSONAdditions.m"; sourceTree = "<group>"; };
		78D5B92D0EFA7DD30020A6F7 /* SegmentedToolbarItem.h */ = {isa = PBXFileReference; fileEncoding = 4; lastKnownFileType = sourcecode.c.h; path = SegmentedToolbarItem.h; sourceTree = "<group>"; };
		78D5B92E0EFA7DD30020A6F7 /* SegmentedToolbarItem.m */ = {isa = PBXFileReference; fileEncoding = 4; lastKnownFileType = sourcecode.c.objc; path = SegmentedToolbarItem.m; sourceTree = "<group>"; };
		78D5B9F50EFA9C130020A6F7 /* TBZoomIn.png */ = {isa = PBXFileReference; lastKnownFileType = image.png; path = TBZoomIn.png; sourceTree = "<group>"; };
		78D5B9F60EFA9C130020A6F7 /* TBZoomFit.png */ = {isa = PBXFileReference; lastKnownFileType = image.png; path = TBZoomFit.png; sourceTree = "<group>"; };
		78D5B9F70EFA9C130020A6F7 /* TBLast.png */ = {isa = PBXFileReference; lastKnownFileType = image.png; path = TBLast.png; sourceTree = "<group>"; };
		78D5B9F80EFA9C130020A6F7 /* TBZoomActual.png */ = {isa = PBXFileReference; lastKnownFileType = image.png; path = TBZoomActual.png; sourceTree = "<group>"; };
		78D5B9F90EFA9C130020A6F7 /* TBZoomOut.png */ = {isa = PBXFileReference; lastKnownFileType = image.png; path = TBZoomOut.png; sourceTree = "<group>"; };
		78D5B9FA0EFA9C130020A6F7 /* TBFirst.png */ = {isa = PBXFileReference; lastKnownFileType = image.png; path = TBFirst.png; sourceTree = "<group>"; };
		78D5B9FB0EFA9C130020A6F7 /* TBGoUp.png */ = {isa = PBXFileReference; lastKnownFileType = image.png; path = TBGoUp.png; sourceTree = "<group>"; };
		78E389440EF0726D00703EA0 /* Quartz.framework */ = {isa = PBXFileReference; lastKnownFileType = wrapper.framework; name = Quartz.framework; path = /System/Library/Frameworks/Quartz.framework; sourceTree = "<absolute>"; };
		78EAD0200F09A618002D2588 /* App.icns */ = {isa = PBXFileReference; lastKnownFileType = image.icns; path = App.icns; sourceTree = "<group>"; };
		78EAD0210F09A618002D2588 /* Doc.icns */ = {isa = PBXFileReference; lastKnownFileType = image.icns; path = Doc.icns; sourceTree = "<group>"; };
		78FBF03F0EF37B480005A150 /* Bookmarks.h */ = {isa = PBXFileReference; fileEncoding = 4; lastKnownFileType = sourcecode.c.h; path = Bookmarks.h; sourceTree = "<group>"; };
		78FBF0400EF37B480005A150 /* Bookmarks.m */ = {isa = PBXFileReference; fileEncoding = 4; lastKnownFileType = sourcecode.c.objc; path = Bookmarks.m; sourceTree = "<group>"; };
		78FF25480F13A13700B825F1 /* zip.c */ = {isa = PBXFileReference; fileEncoding = 4; lastKnownFileType = sourcecode.c.c; path = zip.c; sourceTree = "<group>"; };
		78FF25490F13A13700B825F1 /* zip.h */ = {isa = PBXFileReference; fileEncoding = 4; lastKnownFileType = sourcecode.c.h; path = zip.h; sourceTree = "<group>"; };
		78FF254B0F13A15500B825F1 /* ZipWriter.h */ = {isa = PBXFileReference; fileEncoding = 4; lastKnownFileType = sourcecode.c.h; path = ZipWriter.h; sourceTree = "<group>"; };
		78FF254C0F13A15500B825F1 /* ZipWriter.m */ = {isa = PBXFileReference; fileEncoding = 4; lastKnownFileType = sourcecode.c.objc; path = ZipWriter.m; sourceTree = "<group>"; };
		78FF25510F13A2E100B825F1 /* ioapi.c */ = {isa = PBXFileReference; fileEncoding = 4; lastKnownFileType = sourcecode.c.c; path = ioapi.c; sourceTree = "<group>"; };
		78FF25520F13A2E100B825F1 /* ioapi.h */ = {isa = PBXFileReference; fileEncoding = 4; lastKnownFileType = sourcecode.c.h; path = ioapi.h; sourceTree = "<group>"; };
		78FF25550F13A30F00B825F1 /* crypt.h */ = {isa = PBXFileReference; fileEncoding = 4; lastKnownFileType = sourcecode.c.h; path = crypt.h; sourceTree = "<group>"; };
		78FF25570F13A37600B825F1 /* libz.dylib */ = {isa = PBXFileReference; lastKnownFileType = "compiled.mach-o.dylib"; name = libz.dylib; path = /usr/lib/libz.dylib; sourceTree = "<absolute>"; };
		8D1107310486CEB800E47090 /* Info.plist */ = {isa = PBXFileReference; fileEncoding = 4; lastKnownFileType = text.plist.xml; path = Info.plist; sourceTree = "<group>"; };
		8D1107320486CEB800E47090 /* Crossbow.app */ = {isa = PBXFileReference; explicitFileType = wrapper.application; includeInIndex = 0; path = Crossbow.app; sourceTree = BUILT_PRODUCTS_DIR; };
/* End PBXFileReference section */

/* Begin PBXFrameworksBuildPhase section */
		8D11072E0486CEB800E47090 /* Frameworks */ = {
			isa = PBXFrameworksBuildPhase;
			buildActionMask = 2147483647;
			files = (
				8D11072F0486CEB800E47090 /* Cocoa.framework in Frameworks */,
				78E389450EF0726D00703EA0 /* Quartz.framework in Frameworks */,
				78948BDD0EF91C5E00356919 /* libcrypto.dylib in Frameworks */,
				78B728B50F069309000CD71E /* Carbon.framework in Frameworks */,
				78B728BF0F06933A000CD71E /* IOKit.framework in Frameworks */,
				78FF25580F13A37600B825F1 /* libz.dylib in Frameworks */,
			);
			runOnlyForDeploymentPostprocessing = 0;
		};
/* End PBXFrameworksBuildPhase section */

/* Begin PBXGroup section */
		080E96DDFE201D6D7F000001 /* Classes */ = {
			isa = PBXGroup;
			children = (
				7800B6A50EF16C2700882915 /* Browser */,
				781873040F05412900381FBC /* Categories */,
				7800B6C60EF16E7900882915 /* Common */,
				78AAFE980FC4461D005FC339 /* Imaging */,
				78CDC4E70EF5755500EC2A16 /* Preferences */,
				781538050F0DA04900EE7C17 /* Tools */,
				78D5B92B0EFA7DBF0020A6F7 /* UI Components */,
				7800B6A80EF16C3500882915 /* Viewer */,
			);
			name = Classes;
			sourceTree = "<group>";
		};
		1058C7A0FEA54F0111CA2CBB /* Linked Frameworks */ = {
			isa = PBXGroup;
			children = (
				78B728B40F069309000CD71E /* Carbon.framework */,
				1058C7A1FEA54F0111CA2CBB /* Cocoa.framework */,
				78B728BE0F06933A000CD71E /* IOKit.framework */,
				78948BDC0EF91C5E00356919 /* libcrypto.dylib */,
				78FF25570F13A37600B825F1 /* libz.dylib */,
				78E389440EF0726D00703EA0 /* Quartz.framework */,
			);
			name = "Linked Frameworks";
			sourceTree = "<group>";
		};
		1058C7A2FEA54F0111CA2CBB /* Other Frameworks */ = {
			isa = PBXGroup;
			children = (
				29B97324FDCFA39411CA2CEA /* AppKit.framework */,
				13E42FB307B3F0F600E4EEF1 /* CoreData.framework */,
				29B97325FDCFA39411CA2CEA /* Foundation.framework */,
			);
			name = "Other Frameworks";
			sourceTree = "<group>";
		};
		19C28FACFE9D520D11CA2CBB /* Products */ = {
			isa = PBXGroup;
			children = (
				8D1107320486CEB800E47090 /* Crossbow.app */,
			);
			name = Products;
			sourceTree = "<group>";
		};
		29B97314FDCFA39411CA2CEA /* Crossbow */ = {
			isa = PBXGroup;
			children = (
				784E0710176251A200C243C6 /* Crossbow.entitlements */,
				080E96DDFE201D6D7F000001 /* Classes */,
				29B97315FDCFA39411CA2CEA /* Other Sources */,
				29B97317FDCFA39411CA2CEA /* Resources */,
				29B97323FDCFA39411CA2CEA /* Frameworks */,
				19C28FACFE9D520D11CA2CBB /* Products */,
			);
			name = Crossbow;
			sourceTree = "<group>";
		};
		29B97315FDCFA39411CA2CEA /* Other Sources */ = {
			isa = PBXGroup;
			children = (
				32CA4F630368D1EE00C91783 /* Crossbow_Prefix.pch */,
				29B97316FDCFA39411CA2CEA /* main.m */,
			);
			name = "Other Sources";
			sourceTree = "<group>";
		};
		29B97317FDCFA39411CA2CEA /* Resources */ = {
			isa = PBXGroup;
			children = (
				78F312DD0EF3607B0041EA99 /* Icons */,
				781EF1050F0FB5D600EB97E8 /* Nibs */,
				781EF1060F0FB60D00EB97E8 /* Other */,
			);
			name = Resources;
			sourceTree = "<group>";
		};
		29B97323FDCFA39411CA2CEA /* Frameworks */ = {
			isa = PBXGroup;
			children = (
				1058C7A0FEA54F0111CA2CBB /* Linked Frameworks */,
				1058C7A2FEA54F0111CA2CBB /* Other Frameworks */,
			);
			name = Frameworks;
			sourceTree = "<group>";
		};
		7800B6A50EF16C2700882915 /* Browser */ = {
			isa = PBXGroup;
			children = (
				78FBF03F0EF37B480005A150 /* Bookmarks.h */,
				78FBF0400EF37B480005A150 /* Bookmarks.m */,
				7800B6CA0EF1757400882915 /* Browser.h */,
				7800B6CB0EF1757400882915 /* Browser.m */,
				7800B7800EF1A0A300882915 /* BrowserTree.h */,
				7800B7810EF1A0A300882915 /* BrowserTree.m */,
				7800B7830EF1A0B500882915 /* BrowserList.h */,
				7800B7840EF1A0B500882915 /* BrowserList.m */,
				78948D3F0EF94CB000356919 /* FileListItem.h */,
				78948D400EF94CB000356919 /* FileListItem.m */,
				78AB4DB10EF2B237004ABF79 /* History.h */,
				78AB4DB20EF2B237004ABF79 /* History.m */,
				7830411F0EF3FEDE00A3BC6D /* Selection.h */,
				783041200EF3FEDE00A3BC6D /* Selection.m */,
				783B7E750EFFE75600AF19FC /* ImagePreview.h */,
				783B7E760EFFE75600AF19FC /* ImagePreview.m */,
			);
			name = Browser;
			sourceTree = "<group>";
		};
		7800B6A80EF16C3500882915 /* Viewer */ = {
			isa = PBXGroup;
			children = (
				7800B8420EF1E99C00882915 /* Viewer.h */,
				7800B8430EF1E99C00882915 /* Viewer.m */,
				78774EB30F0BB9A000BAD9E2 /* ImageView.h */,
				78774EB40F0BB9A000BAD9E2 /* ImageView.m */,
				78774EB60F0BB9B300BAD9E2 /* ImageClip.h */,
				78774EB70F0BB9B300BAD9E2 /* ImageClip.m */,
				787752C10F0D459500BAD9E2 /* ImageCache.h */,
				787752C20F0D459500BAD9E2 /* ImageCache.m */,
			);
			name = Viewer;
			sourceTree = "<group>";
		};
		7800B6C60EF16E7900882915 /* Common */ = {
			isa = PBXGroup;
			children = (
				78FF25500F13A2C700B825F1 /* Zip */,
				7800B6C70EF1743500882915 /* AppController.h */,
				7800B6C80EF1743500882915 /* AppController.m */,
				7800B6EB0EF1808200882915 /* DirEntry.h */,
				7800B6EC0EF1808200882915 /* DirEntry.m */,
				780C18BB0F34DCBC00FE29C4 /* DirEntryFileOps.h */,
				780C18BC0F34DCBC00FE29C4 /* DirEntryFileOps.m */,
				789373490F07E409001D48A0 /* Metadata.h */,
				7893734A0F07E409001D48A0 /* Metadata.m */,
				78948BC60EF8963600356919 /* SCEvent.h */,
				78948BC70EF8963600356919 /* SCEvent.m */,
				78948BC80EF8963600356919 /* SCEventListenerProtocol.h */,
				78948BC90EF8963600356919 /* SCEvents.h */,
				78948BCA0EF8963600356919 /* SCEvents.m */,
				7830412D0EF40AB200A3BC6D /* Util.h */,
				7830412E0EF40AB200A3BC6D /* Util.m */,
				78FF254B0F13A15500B825F1 /* ZipWriter.h */,
				78FF254C0F13A15500B825F1 /* ZipWriter.m */,
				7820A02F1A39E9AE004DABA3 /* ActivityFaker.h */,
				7820A0301A39E9AE004DABA3 /* ActivityFaker.m */,
			);
			name = Common;
			sourceTree = "<group>";
		};
		781538050F0DA04900EE7C17 /* Tools */ = {
			isa = PBXGroup;
			children = (
				780C17670F34C99900FE29C4 /* ProgressSheet.h */,
				780C17660F34C99900FE29C4 /* ProgressSheet.m */,
				781EF3590F0FBE5200EB97E8 /* CocoaSmugMug.h */,
				781EF35A0F0FBE5200EB97E8 /* CocoaSmugMug.m */,
				781EF4230F0FD60A00EB97E8 /* ShareController.h */,
				781EF4240F0FD60A00EB97E8 /* ShareController.m */,
				7815382C0F0DA45200EE7C17 /* ThumbnailBuilder.h */,
				7815382D0F0DA45200EE7C17 /* ThumbnailBuilder.m */,
			);
			name = Tools;
			sourceTree = "<group>";
		};
		781873040F05412900381FBC /* Categories */ = {
			isa = PBXGroup;
			children = (
				7818730F0F05424300381FBC /* NSArrayAdditions.h */,
				781873100F05424300381FBC /* NSArrayAdditions.m */,
				78CDE9EE0F0FF1EF00FB61C7 /* NSDictionary+BSJSONAdditions.h */,
				78CDE9EF0F0FF1EF00FB61C7 /* NSDictionary+BSJSONAdditions.m */,
				781873120F0543D900381FBC /* NSImageAdditions.h */,
				781873130F0543D900381FBC /* NSImageAdditions.m */,
				78CDE9F10F0FF1FE00FB61C7 /* NSScanner+BSJSONAdditions.h */,
				78CDE9F20F0FF1FE00FB61C7 /* NSScanner+BSJSONAdditions.m */,
			);
			name = Categories;
			sourceTree = "<group>";
		};
		781EF1050F0FB5D600EB97E8 /* Nibs */ = {
			isa = PBXGroup;
			children = (
				780C180E0F34CFBB00FE29C4 /* ProgressSheet.xib */,
				7800B6C20EF16DCF00882915 /* Browser.xib */,
				1DDD58140DA1D0A300B32029 /* MainMenu.xib */,
				78CDC52D0EF57AE000EC2A16 /* Preferences.xib */,
				781538270F0DA2CA00EE7C17 /* ThumbnailBuilder.xib */,
				7800B83F0EF1E8EF00882915 /* Viewer.xib */,
				781EF3660F0FD0C800EB97E8 /* Share.xib */,
				7820A0341A39F35C004DABA3 /* Metadata.xib */,
			);
			name = Nibs;
			sourceTree = "<group>";
		};
		781EF1060F0FB60D00EB97E8 /* Other */ = {
			isa = PBXGroup;
			children = (
				78EAD0200F09A618002D2588 /* App.icns */,
				78EAD0210F09A618002D2588 /* Doc.icns */,
				78CDC4C10EF55E8500EC2A16 /* dsa_pub.pem */,
				8D1107310486CEB800E47090 /* Info.plist */,
				089C165CFE840E0CC02AAC07 /* InfoPlist.strings */,
			);
			name = Other;
			sourceTree = "<group>";
		};
		78AAFE980FC4461D005FC339 /* Imaging */ = {
			isa = PBXGroup;
			children = (
				78AAFEB30FC4463C005FC339 /* ImageProcessor.m */,
				78AAFEB40FC4463C005FC339 /* ImageProcessor.h */,
			);
			name = Imaging;
			sourceTree = "<group>";
		};
		78CDC4E70EF5755500EC2A16 /* Preferences */ = {
			isa = PBXGroup;
			children = (
				78CDC4ED0EF5756A00EC2A16 /* DBPrefsWindowController.h */,
				78CDC4EE0EF5756A00EC2A16 /* DBPrefsWindowController.m */,
				78CDC4F00EF5759400EC2A16 /* PreferencesController.h */,
				78CDC4F10EF5759400EC2A16 /* PreferencesController.m */,
				786283F80EF320DF0056FEAD /* Preferences.h */,
				786283F90EF320DF0056FEAD /* Preferences.m */,
			);
			name = Preferences;
			sourceTree = "<group>";
		};
		78D5B92B0EFA7DBF0020A6F7 /* UI Components */ = {
			isa = PBXGroup;
			children = (
				78D5B92D0EFA7DD30020A6F7 /* SegmentedToolbarItem.h */,
				78D5B92E0EFA7DD30020A6F7 /* SegmentedToolbarItem.m */,
			);
			name = "UI Components";
			sourceTree = "<group>";
		};
		78F312DD0EF3607B0041EA99 /* Icons */ = {
			isa = PBXGroup;
			children = (
				7893714B0F073E5F001D48A0 /* TBCw.png */,
				7893714C0F073E5F001D48A0 /* TBCcw.png */,
				78D5B9FA0EFA9C130020A6F7 /* TBFirst.png */,
				78D5B9FB0EFA9C130020A6F7 /* TBGoUp.png */,
				78D5B9F70EFA9C130020A6F7 /* TBLast.png */,
				78D5B9F80EFA9C130020A6F7 /* TBZoomActual.png */,
				78D5B9F60EFA9C130020A6F7 /* TBZoomFit.png */,
				78D5B9F50EFA9C130020A6F7 /* TBZoomIn.png */,
				78D5B9F90EFA9C130020A6F7 /* TBZoomOut.png */,
				78CDC6A40EF5B6A800EC2A16 /* trans.png */,
			);
			name = Icons;
			sourceTree = "<group>";
		};
		78FF25500F13A2C700B825F1 /* Zip */ = {
			isa = PBXGroup;
			children = (
				78FF25550F13A30F00B825F1 /* crypt.h */,
				78FF25510F13A2E100B825F1 /* ioapi.c */,
				78FF25520F13A2E100B825F1 /* ioapi.h */,
				78FF25480F13A13700B825F1 /* zip.c */,
				78FF25490F13A13700B825F1 /* zip.h */,
			);
			name = Zip;
			sourceTree = "<group>";
		};
/* End PBXGroup section */

/* Begin PBXNativeTarget section */
		8D1107260486CEB800E47090 /* Crossbow */ = {
			isa = PBXNativeTarget;
			buildConfigurationList = C01FCF4A08A954540054247B /* Build configuration list for PBXNativeTarget "Crossbow" */;
			buildPhases = (
				8D1107290486CEB800E47090 /* Resources */,
				8D11072C0486CEB800E47090 /* Sources */,
				8D11072E0486CEB800E47090 /* Frameworks */,
				78CDC46B0EF55C1300EC2A16 /* Copy Frameworks */,
			);
			buildRules = (
			);
			dependencies = (
			);
			name = Crossbow;
			productInstallPath = "$(HOME)/Applications";
			productName = Crossbow;
			productReference = 8D1107320486CEB800E47090 /* Crossbow.app */;
			productType = "com.apple.product-type.application";
		};
/* End PBXNativeTarget section */

/* Begin PBXProject section */
		29B97313FDCFA39411CA2CEA /* Project object */ = {
			isa = PBXProject;
			attributes = {
				LastUpgradeCheck = 0610;
				TargetAttributes = {
					8D1107260486CEB800E47090 = {
						DevelopmentTeam = ZMHHKRTLEM;
						SystemCapabilities = {
							com.apple.Sandbox = {
								enabled = 0;
							};
						};
					};
				};
			};
			buildConfigurationList = C01FCF4E08A954540054247B /* Build configuration list for PBXProject "Crossbow" */;
			compatibilityVersion = "Xcode 3.2";
			developmentRegion = English;
			hasScannedForEncodings = 1;
			knownRegions = (
				en,
			);
			mainGroup = 29B97314FDCFA39411CA2CEA /* Crossbow */;
			projectDirPath = "";
			projectRoot = "";
			targets = (
				8D1107260486CEB800E47090 /* Crossbow */,
			);
		};
/* End PBXProject section */

/* Begin PBXResourcesBuildPhase section */
		8D1107290486CEB800E47090 /* Resources */ = {
			isa = PBXResourcesBuildPhase;
			buildActionMask = 2147483647;
			files = (
				8D11072B0486CEB800E47090 /* InfoPlist.strings in Resources */,
				1DDD58160DA1D0A300B32029 /* MainMenu.xib in Resources */,
				7800B6C30EF16DCF00882915 /* Browser.xib in Resources */,
				7800B8400EF1E8EF00882915 /* Viewer.xib in Resources */,
				78CDC4C20EF55E8500EC2A16 /* dsa_pub.pem in Resources */,
				78CDC52E0EF57AE000EC2A16 /* Preferences.xib in Resources */,
				78CDC6A50EF5B6A800EC2A16 /* trans.png in Resources */,
				78D5B9FC0EFA9C130020A6F7 /* TBZoomIn.png in Resources */,
				7820A0351A39F35C004DABA3 /* Metadata.xib in Resources */,
				78D5B9FD0EFA9C130020A6F7 /* TBZoomFit.png in Resources */,
				78D5B9FE0EFA9C130020A6F7 /* TBLast.png in Resources */,
				78D5B9FF0EFA9C130020A6F7 /* TBZoomActual.png in Resources */,
				78D5BA000EFA9C130020A6F7 /* TBZoomOut.png in Resources */,
				78D5BA010EFA9C130020A6F7 /* TBFirst.png in Resources */,
				78D5BA020EFA9C130020A6F7 /* TBGoUp.png in Resources */,
				7893714D0F073E5F001D48A0 /* TBCw.png in Resources */,
				7893714E0F073E5F001D48A0 /* TBCcw.png in Resources */,
				78EAD0220F09A618002D2588 /* App.icns in Resources */,
				78EAD0230F09A618002D2588 /* Doc.icns in Resources */,
				781538280F0DA2CA00EE7C17 /* ThumbnailBuilder.xib in Resources */,
				781EF3670F0FD0C800EB97E8 /* Share.xib in Resources */,
				780C180F0F34CFBB00FE29C4 /* ProgressSheet.xib in Resources */,
			);
			runOnlyForDeploymentPostprocessing = 0;
		};
/* End PBXResourcesBuildPhase section */

/* Begin PBXSourcesBuildPhase section */
		8D11072C0486CEB800E47090 /* Sources */ = {
			isa = PBXSourcesBuildPhase;
			buildActionMask = 2147483647;
			files = (
				8D11072D0486CEB800E47090 /* main.m in Sources */,
				7800B6C90EF1743500882915 /* AppController.m in Sources */,
				7800B6CC0EF1757400882915 /* Browser.m in Sources */,
				7800B6ED0EF1808200882915 /* DirEntry.m in Sources */,
				7800B7820EF1A0A300882915 /* BrowserTree.m in Sources */,
				7800B7850EF1A0B500882915 /* BrowserList.m in Sources */,
				7800B8440EF1E99C00882915 /* Viewer.m in Sources */,
				78AB4DB30EF2B237004ABF79 /* History.m in Sources */,
				786283FA0EF320DF0056FEAD /* Preferences.m in Sources */,
				78FBF0410EF37B480005A150 /* Bookmarks.m in Sources */,
				7820A0311A39E9AE004DABA3 /* ActivityFaker.m in Sources */,
				783041210EF3FEDE00A3BC6D /* Selection.m in Sources */,
				7830412F0EF40AB200A3BC6D /* Util.m in Sources */,
				78CDC4EF0EF5756A00EC2A16 /* DBPrefsWindowController.m in Sources */,
				78CDC4F20EF5759400EC2A16 /* PreferencesController.m in Sources */,
				78948BCB0EF8963600356919 /* SCEvent.m in Sources */,
				78948BCC0EF8963600356919 /* SCEvents.m in Sources */,
				78948D410EF94CB000356919 /* FileListItem.m in Sources */,
				78D5B92F0EFA7DD30020A6F7 /* SegmentedToolbarItem.m in Sources */,
				783B7E770EFFE75600AF19FC /* ImagePreview.m in Sources */,
				781873110F05424300381FBC /* NSArrayAdditions.m in Sources */,
				781873140F0543D900381FBC /* NSImageAdditions.m in Sources */,
				7893734B0F07E409001D48A0 /* Metadata.m in Sources */,
				78774EB50F0BB9A000BAD9E2 /* ImageView.m in Sources */,
				78774EB80F0BB9B300BAD9E2 /* ImageClip.m in Sources */,
				787752C30F0D459500BAD9E2 /* ImageCache.m in Sources */,
				7815382E0F0DA45200EE7C17 /* ThumbnailBuilder.m in Sources */,
				78CDE9F00F0FF1EF00FB61C7 /* NSDictionary+BSJSONAdditions.m in Sources */,
				78CDE9F30F0FF1FE00FB61C7 /* NSScanner+BSJSONAdditions.m in Sources */,
				78FF254A0F13A13700B825F1 /* zip.c in Sources */,
				78FF254D0F13A15500B825F1 /* ZipWriter.m in Sources */,
				78FF25530F13A2E100B825F1 /* ioapi.c in Sources */,
				780C17680F34C99900FE29C4 /* ProgressSheet.m in Sources */,
				780C18BD0F34DCBC00FE29C4 /* DirEntryFileOps.m in Sources */,
				78AAFEB50FC4463C005FC339 /* ImageProcessor.m in Sources */,
			);
			runOnlyForDeploymentPostprocessing = 0;
		};
/* End PBXSourcesBuildPhase section */

/* Begin PBXVariantGroup section */
		089C165CFE840E0CC02AAC07 /* InfoPlist.strings */ = {
			isa = PBXVariantGroup;
			children = (
				089C165DFE840E0CC02AAC07 /* English */,
			);
			name = InfoPlist.strings;
			sourceTree = "<group>";
		};
		1DDD58140DA1D0A300B32029 /* MainMenu.xib */ = {
			isa = PBXVariantGroup;
			children = (
				1DDD58150DA1D0A300B32029 /* English */,
			);
			name = MainMenu.xib;
			sourceTree = "<group>";
		};
/* End PBXVariantGroup section */

/* Begin XCBuildConfiguration section */
		C01FCF4B08A954540054247B /* Debug */ = {
			isa = XCBuildConfiguration;
			buildSettings = {
				ALWAYS_SEARCH_USER_PATHS = NO;
				CLANG_ENABLE_OBJC_ARC = YES;
				CODE_SIGN_IDENTITY = "Developer ID Application";
				COMBINE_HIDPI_IMAGES = YES;
				COPY_PHASE_STRIP = NO;
				FRAMEWORK_SEARCH_PATHS = (
					"$(inherited)",
					"\"$(SRCROOT)\"",
				);
				GCC_DYNAMIC_NO_PIC = NO;
				GCC_ENABLE_FIX_AND_CONTINUE = YES;
				GCC_MODEL_TUNING = G5;
				GCC_OPTIMIZATION_LEVEL = 0;
				GCC_PRECOMPILE_PREFIX_HEADER = YES;
				GCC_PREFIX_HEADER = Crossbow_Prefix.pch;
				INFOPLIST_FILE = Info.plist;
				INSTALL_PATH = "$(HOME)/Applications";
				MACOSX_DEPLOYMENT_TARGET = 10.8;
				PRODUCT_NAME = Crossbow;
				SDKROOT = macosx;
			};
			name = Debug;
		};
		C01FCF4C08A954540054247B /* Release */ = {
			isa = XCBuildConfiguration;
			buildSettings = {
				ALWAYS_SEARCH_USER_PATHS = NO;
				CLANG_ENABLE_OBJC_ARC = YES;
				CODE_SIGN_IDENTITY = "Developer ID Application";
				COMBINE_HIDPI_IMAGES = YES;
				DEBUG_INFORMATION_FORMAT = "dwarf-with-dsym";
				FRAMEWORK_SEARCH_PATHS = (
					"$(inherited)",
					"\"$(SRCROOT)\"",
				);
				GCC_MODEL_TUNING = G5;
				GCC_PRECOMPILE_PREFIX_HEADER = YES;
				GCC_PREFIX_HEADER = Crossbow_Prefix.pch;
				INFOPLIST_FILE = Info.plist;
				INSTALL_PATH = "$(HOME)/Applications";
				MACOSX_DEPLOYMENT_TARGET = 10.8;
				PRODUCT_NAME = Crossbow;
				SDKROOT = macosx;
			};
			name = Release;
		};
		C01FCF4F08A954540054247B /* Debug */ = {
			isa = XCBuildConfiguration;
			buildSettings = {
				GCC_C_LANGUAGE_STANDARD = c99;
				GCC_OPTIMIZATION_LEVEL = 0;
				GCC_WARN_ABOUT_RETURN_TYPE = YES;
				GCC_WARN_UNUSED_VARIABLE = YES;
				ONLY_ACTIVE_ARCH = YES;
				PREBINDING = NO;
				SDKROOT = macosx;
			};
			name = Debug;
		};
		C01FCF5008A954540054247B /* Release */ = {
			isa = XCBuildConfiguration;
			buildSettings = {
				GCC_C_LANGUAGE_STANDARD = c99;
				GCC_WARN_ABOUT_RETURN_TYPE = YES;
				GCC_WARN_UNUSED_VARIABLE = YES;
				PREBINDING = NO;
				SDKROOT = macosx;
			};
			name = Release;
		};
/* End XCBuildConfiguration section */

/* Begin XCConfigurationList section */
		C01FCF4A08A954540054247B /* Build configuration list for PBXNativeTarget "Crossbow" */ = {
			isa = XCConfigurationList;
			buildConfigurations = (
				C01FCF4B08A954540054247B /* Debug */,
				C01FCF4C08A954540054247B /* Release */,
			);
			defaultConfigurationIsVisible = 0;
			defaultConfigurationName = Release;
		};
		C01FCF4E08A954540054247B /* Build configuration list for PBXProject "Crossbow" */ = {
			isa = XCConfigurationList;
			buildConfigurations = (
				C01FCF4F08A954540054247B /* Debug */,
				C01FCF5008A954540054247B /* Release */,
			);
			defaultConfigurationIsVisible = 0;
			defaultConfigurationName = Release;
		};
/* End XCConfigurationList section */
	};
	rootObject = 29B97313FDCFA39411CA2CEA /* Project object */;
}
